
Microsoft Visual Studio Solution File, Format Version 12.00
# Visual Studio Version 17
VisualStudioVersion = 17.0.31903.59
MinimumVisualStudioVersion = 10.0.40219.1
Project("{2150E333-8FDC-42A3-9474-1A3956D46DE8}") = "FrontEnd", "FrontEnd", "{FAE52672-3AE0-41A1-AAC7-90A77742838A}"
EndProject
Project("{9A19103F-16F7-4668-BE54-9A1E7A4F7556}") = "Mango.Web", "Mango.Web\Mango.Web.csproj", "{0BD93E87-DD83-4744-B671-09C4E14335AB}"
EndProject
Project("{2150E333-8FDC-42A3-9474-1A3956D46DE8}") = "Services", "Services", "{BE59DE4A-9A8E-4377-80FE-D7490A22EE21}"
EndProject
Project("{9A19103F-16F7-4668-BE54-9A1E7A4F7556}") = "Mango.ProductAPI", "Mango.ProductAPI\Mango.ProductAPI.csproj", "{349D4850-6088-4F1C-B7E8-B9553C8A7A7B}"
EndProject
Project("{9A19103F-16F7-4668-BE54-9A1E7A4F7556}") = "Commons", "Commons\Commons.csproj", "{085B537C-1024-4E7D-A819-3C691D5FC04A}"
EndProject
Project("{9A19103F-16F7-4668-BE54-9A1E7A4F7556}") = "Mango.IdentityServer", "Mango.IdentityServer\Mango.IdentityServer.csproj", "{1F484D08-A697-47B8-BB01-8F85A99CA3F8}"
EndProject
Project("{9A19103F-16F7-4668-BE54-9A1E7A4F7556}") = "Mango.ShoppingCartApi", "Mango.ShoppingCartApi\Mango.ShoppingCartApi.csproj", "{0761E7F7-444C-4780-8DEB-91BFC1B3D68D}"
EndProject
Project("{9A19103F-16F7-4668-BE54-9A1E7A4F7556}") = "Mango.CouponApi", "Mango.CouponApi\Mango.CouponApi.csproj", "{258DF28C-0003-44B6-A334-B7DCEF547CCC}"
EndProject
Project("{2150E333-8FDC-42A3-9474-1A3956D46DE8}") = "Integration", "Integration", "{3E93BF04-B597-4446-B3F2-D59BF2E26F85}"
EndProject
Project("{9A19103F-16F7-4668-BE54-9A1E7A4F7556}") = "Mango.MessageBus", "Mango.MessageBus\Mango.MessageBus.csproj", "{A5F4E491-86E1-45A2-8990-BED05AD0CF43}"
EndProject
Project("{FAE04EC0-301F-11D3-BF4B-00C04F79EFBC}") = "Mango.OrderApi", "Mango.OrderApi\Mango.OrderApi.csproj", "{22FFE4F0-6F22-4D17-8771-A07849B26453}"
EndProject
Project("{2150E333-8FDC-42A3-9474-1A3956D46DE8}") = "Payments", "Payments", "{AAB78DED-26D6-4E00-B513-BADBF39ADA7E}"
EndProject
Project("{FAE04EC0-301F-11D3-BF4B-00C04F79EFBC}") = "PaymentProcessor", "PaymentProcessor\PaymentProcessor.csproj", "{CD0E3027-0D6F-4A1D-BD78-3FC4B7FEA3FE}"
EndProject
Project("{FAE04EC0-301F-11D3-BF4B-00C04F79EFBC}") = "Mango.PaymentApi", "Mango.PaymentApi\Mango.PaymentApi.csproj", "{F2C0DAE5-CB69-4C95-87C2-358FE84CB1A1}"
EndProject
Project("{FAE04EC0-301F-11D3-BF4B-00C04F79EFBC}") = "Mango.EmailSender", "Mango.EmailSender\Mango.EmailSender.csproj", "{99F5A211-823E-485A-9876-F9F94CEBFAF8}"
EndProject
Global
	GlobalSection(SolutionConfigurationPlatforms) = preSolution
		Debug|Any CPU = Debug|Any CPU
		Release|Any CPU = Release|Any CPU
	EndGlobalSection
	GlobalSection(ProjectConfigurationPlatforms) = postSolution
		{0BD93E87-DD83-4744-B671-09C4E14335AB}.Debug|Any CPU.ActiveCfg = Debug|Any CPU
		{0BD93E87-DD83-4744-B671-09C4E14335AB}.Debug|Any CPU.Build.0 = Debug|Any CPU
		{0BD93E87-DD83-4744-B671-09C4E14335AB}.Release|Any CPU.ActiveCfg = Release|Any CPU
		{0BD93E87-DD83-4744-B671-09C4E14335AB}.Release|Any CPU.Build.0 = Release|Any CPU
		{349D4850-6088-4F1C-B7E8-B9553C8A7A7B}.Debug|Any CPU.ActiveCfg = Debug|Any CPU
		{349D4850-6088-4F1C-B7E8-B9553C8A7A7B}.Debug|Any CPU.Build.0 = Debug|Any CPU
		{349D4850-6088-4F1C-B7E8-B9553C8A7A7B}.Release|Any CPU.ActiveCfg = Release|Any CPU
		{349D4850-6088-4F1C-B7E8-B9553C8A7A7B}.Release|Any CPU.Build.0 = Release|Any CPU
		{085B537C-1024-4E7D-A819-3C691D5FC04A}.Debug|Any CPU.ActiveCfg = Debug|Any CPU
		{085B537C-1024-4E7D-A819-3C691D5FC04A}.Debug|Any CPU.Build.0 = Debug|Any CPU
		{085B537C-1024-4E7D-A819-3C691D5FC04A}.Release|Any CPU.ActiveCfg = Release|Any CPU
		{085B537C-1024-4E7D-A819-3C691D5FC04A}.Release|Any CPU.Build.0 = Release|Any CPU
		{1F484D08-A697-47B8-BB01-8F85A99CA3F8}.Debug|Any CPU.ActiveCfg = Debug|Any CPU
		{1F484D08-A697-47B8-BB01-8F85A99CA3F8}.Debug|Any CPU.Build.0 = Debug|Any CPU
		{1F484D08-A697-47B8-BB01-8F85A99CA3F8}.Release|Any CPU.ActiveCfg = Release|Any CPU
		{1F484D08-A697-47B8-BB01-8F85A99CA3F8}.Release|Any CPU.Build.0 = Release|Any CPU
		{0761E7F7-444C-4780-8DEB-91BFC1B3D68D}.Debug|Any CPU.ActiveCfg = Debug|Any CPU
		{0761E7F7-444C-4780-8DEB-91BFC1B3D68D}.Debug|Any CPU.Build.0 = Debug|Any CPU
		{0761E7F7-444C-4780-8DEB-91BFC1B3D68D}.Release|Any CPU.ActiveCfg = Release|Any CPU
		{0761E7F7-444C-4780-8DEB-91BFC1B3D68D}.Release|Any CPU.Build.0 = Release|Any CPU
		{258DF28C-0003-44B6-A334-B7DCEF547CCC}.Debug|Any CPU.ActiveCfg = Debug|Any CPU
		{258DF28C-0003-44B6-A334-B7DCEF547CCC}.Debug|Any CPU.Build.0 = Debug|Any CPU
		{258DF28C-0003-44B6-A334-B7DCEF547CCC}.Release|Any CPU.ActiveCfg = Release|Any CPU
		{258DF28C-0003-44B6-A334-B7DCEF547CCC}.Release|Any CPU.Build.0 = Release|Any CPU
		{A5F4E491-86E1-45A2-8990-BED05AD0CF43}.Debug|Any CPU.ActiveCfg = Debug|Any CPU
		{A5F4E491-86E1-45A2-8990-BED05AD0CF43}.Debug|Any CPU.Build.0 = Debug|Any CPU
		{A5F4E491-86E1-45A2-8990-BED05AD0CF43}.Release|Any CPU.ActiveCfg = Release|Any CPU
		{A5F4E491-86E1-45A2-8990-BED05AD0CF43}.Release|Any CPU.Build.0 = Release|Any CPU
		{22FFE4F0-6F22-4D17-8771-A07849B26453}.Debug|Any CPU.ActiveCfg = Debug|Any CPU
		{22FFE4F0-6F22-4D17-8771-A07849B26453}.Debug|Any CPU.Build.0 = Debug|Any CPU
		{22FFE4F0-6F22-4D17-8771-A07849B26453}.Release|Any CPU.ActiveCfg = Release|Any CPU
		{22FFE4F0-6F22-4D17-8771-A07849B26453}.Release|Any CPU.Build.0 = Release|Any CPU
		{CD0E3027-0D6F-4A1D-BD78-3FC4B7FEA3FE}.Debug|Any CPU.ActiveCfg = Debug|Any CPU
		{CD0E3027-0D6F-4A1D-BD78-3FC4B7FEA3FE}.Debug|Any CPU.Build.0 = Debug|Any CPU
		{CD0E3027-0D6F-4A1D-BD78-3FC4B7FEA3FE}.Release|Any CPU.ActiveCfg = Release|Any CPU
		{CD0E3027-0D6F-4A1D-BD78-3FC4B7FEA3FE}.Release|Any CPU.Build.0 = Release|Any CPU
		{F2C0DAE5-CB69-4C95-87C2-358FE84CB1A1}.Debug|Any CPU.ActiveCfg = Debug|Any CPU
		{F2C0DAE5-CB69-4C95-87C2-358FE84CB1A1}.Debug|Any CPU.Build.0 = Debug|Any CPU
		{F2C0DAE5-CB69-4C95-87C2-358FE84CB1A1}.Release|Any CPU.ActiveCfg = Release|Any CPU
		{F2C0DAE5-CB69-4C95-87C2-358FE84CB1A1}.Release|Any CPU.Build.0 = Release|Any CPU
		{99F5A211-823E-485A-9876-F9F94CEBFAF8}.Debug|Any CPU.ActiveCfg = Debug|Any CPU
		{99F5A211-823E-485A-9876-F9F94CEBFAF8}.Debug|Any CPU.Build.0 = Debug|Any CPU
		{99F5A211-823E-485A-9876-F9F94CEBFAF8}.Release|Any CPU.ActiveCfg = Release|Any CPU
		{99F5A211-823E-485A-9876-F9F94CEBFAF8}.Release|Any CPU.Build.0 = Release|Any CPU
	EndGlobalSection
	GlobalSection(SolutionProperties) = preSolution
		HideSolutionNode = FALSE
	EndGlobalSection
	GlobalSection(NestedProjects) = preSolution
		{0BD93E87-DD83-4744-B671-09C4E14335AB} = {FAE52672-3AE0-41A1-AAC7-90A77742838A}
		{349D4850-6088-4F1C-B7E8-B9553C8A7A7B} = {BE59DE4A-9A8E-4377-80FE-D7490A22EE21}
		{1F484D08-A697-47B8-BB01-8F85A99CA3F8} = {BE59DE4A-9A8E-4377-80FE-D7490A22EE21}
		{0761E7F7-444C-4780-8DEB-91BFC1B3D68D} = {BE59DE4A-9A8E-4377-80FE-D7490A22EE21}
		{258DF28C-0003-44B6-A334-B7DCEF547CCC} = {BE59DE4A-9A8E-4377-80FE-D7490A22EE21}
		{A5F4E491-86E1-45A2-8990-BED05AD0CF43} = {3E93BF04-B597-4446-B3F2-D59BF2E26F85}
		{22FFE4F0-6F22-4D17-8771-A07849B26453} = {BE59DE4A-9A8E-4377-80FE-D7490A22EE21}
		{CD0E3027-0D6F-4A1D-BD78-3FC4B7FEA3FE} = {AAB78DED-26D6-4E00-B513-BADBF39ADA7E}
		{F2C0DAE5-CB69-4C95-87C2-358FE84CB1A1} = {BE59DE4A-9A8E-4377-80FE-D7490A22EE21}
		{99F5A211-823E-485A-9876-F9F94CEBFAF8} = {BE59DE4A-9A8E-4377-80FE-D7490A22EE21}
	EndGlobalSection
	GlobalSection(ExtensibilityGlobals) = postSolution
		SolutionGuid = {959F5FD2-AF4C-4349-A36E-6A8CF3EEF87E}
	EndGlobalSection
EndGlobal
